
Microsoft Visual Studio Solution File, Format Version 12.00
# Visual Studio Version 16
VisualStudioVersion = 16.0.29306.81
MinimumVisualStudioVersion = 10.0.40219.1
Project("{FAE04EC0-301F-11D3-BF4B-00C04F79EFBC}") = "WFControles", "WFControles.csproj", "{6C6BA381-9B79-40CD-A758-53E30FD915B9}"
EndProject
Global
	GlobalSection(SolutionConfigurationPlatforms) = preSolution
		Debug|Any CPU = Debug|Any CPU
		Release|Any CPU = Release|Any CPU
	EndGlobalSection
	GlobalSection(ProjectConfigurationPlatforms) = postSolution
		{6C6BA381-9B79-40CD-A758-53E30FD915B9}.Debug|Any CPU.ActiveCfg = Debug|Any CPU
		{6C6BA381-9B79-40CD-A758-53E30FD915B9}.Debug|Any CPU.Build.0 = Debug|Any CPU
		{6C6BA381-9B79-40CD-A758-53E30FD915B9}.Release|Any CPU.ActiveCfg = Release|Any CPU
		{6C6BA381-9B79-40CD-A758-53E30FD915B9}.Release|Any CPU.Build.0 = Release|Any CPU
	EndGlobalSection
	GlobalSection(SolutionProperties) = preSolution
		HideSolutionNode = FALSE
	EndGlobalSection
	GlobalSection(ExtensibilityGlobals) = postSolution
		SolutionGuid = {CE0FA8EC-E90C-4B62-9900-9209809DF4E2}
	EndGlobalSection
EndGlobal
